
Microsoft Visual Studio Solution File, Format Version 12.00
# Visual Studio 15
VisualStudioVersion = 15.0.27703.2000
MinimumVisualStudioVersion = 10.0.40219.1
Project("{FAE04EC0-301F-11D3-BF4B-00C04F79EFBC}") = "ArticleCrawler_poc", "ArticleCrawler_poc\ArticleCrawler_poc.csproj", "{5EFDD32B-31AD-492C-91D0-C3D139CA4396}"
EndProject
Global
	GlobalSection(SolutionConfigurationPlatforms) = preSolution
		Debug|Any CPU = Debug|Any CPU
		Release|Any CPU = Release|Any CPU
	EndGlobalSection
	GlobalSection(ProjectConfigurationPlatforms) = postSolution
		{5EFDD32B-31AD-492C-91D0-C3D139CA4396}.Debug|Any CPU.ActiveCfg = Debug|Any CPU
		{5EFDD32B-31AD-492C-91D0-C3D139CA4396}.Debug|Any CPU.Build.0 = Debug|Any CPU
		{5EFDD32B-31AD-492C-91D0-C3D139CA4396}.Release|Any CPU.ActiveCfg = Release|Any CPU
		{5EFDD32B-31AD-492C-91D0-C3D139CA4396}.Release|Any CPU.Build.0 = Release|Any CPU
	EndGlobalSection
	GlobalSection(SolutionProperties) = preSolution
		HideSolutionNode = FALSE
	EndGlobalSection
	GlobalSection(ExtensibilityGlobals) = postSolution
		SolutionGuid = {EB898988-04F2-4E22-9E11-8CECCCAB1F48}
	EndGlobalSection
EndGlobal
